# This file is automatically @generated by Cargo.
# It is not intended for manual editing.
version = 4

[[package]]
name = "az"
version = "1.3.0"
source = "registry+https://github.com/rust-lang/crates.io-index"
checksum = "be5eb007b7cacc6c660343e96f650fedf4b5a77512399eb952ca6642cf8d13f7"

[[package]]
name = "fastrand"
version = "2.3.0"
source = "registry+https://github.com/rust-lang/crates.io-index"
checksum = "37909eebbb50d72f9059c3b6d82c0463f2ff062c9e95845c43a6c9c0355411be"

[[package]]
name = "gmp-mpfr-sys"
version = "1.6.8"
source = "registry+https://github.com/rust-lang/crates.io-index"
checksum = "60f8970a75c006bb2f8ae79c6768a116dd215fa8346a87aed99bf9d82ca43394"
dependencies = [
 "libc",
 "windows-sys",
]

[[package]]
name = "libc"
version = "0.2.182"
source = "registry+https://github.com/rust-lang/crates.io-index"
checksum = "6800badb6cb2082ffd7b6a67e6125bb39f18782f793520caee8cb8846be06112"

[[package]]
name = "libm"
version = "0.2.16"
source = "registry+https://github.com/rust-lang/crates.io-index"
checksum = "b6d2cec3eae94f9f509c767b45932f1ada8350c4bdb85af2fcab4a3c14807981"

[[package]]
name = "once_cell"
version = "1.21.3"
source = "registry+https://github.com/rust-lang/crates.io-index"
checksum = "42f5e15c9953c5e4ccceeb2e7382a716482c34515315f7b03532b8b4e8393d2d"

[[package]]
name = "phf"
version = "0.13.1"
source = "registry+https://github.com/rust-lang/crates.io-index"
checksum = "c1562dc717473dbaa4c1f85a36410e03c047b2e7df7f45ee938fbef64ae7fadf"
dependencies = [
 "phf_macros",
 "phf_shared",
 "serde",
]

[[package]]
name = "phf_generator"
version = "0.13.1"
source = "registry+https://github.com/rust-lang/crates.io-index"
checksum = "135ace3a761e564ec88c03a77317a7c6b80bb7f7135ef2544dbe054243b89737"
dependencies = [
 "fastrand",
 "phf_shared",
]

[[package]]
name = "phf_macros"
version = "0.13.1"
source = "registry+https://github.com/rust-lang/crates.io-index"
checksum = "812f032b54b1e759ccd5f8b6677695d5268c588701effba24601f6932f8269ef"
dependencies = [
 "phf_generator",
 "phf_shared",
 "proc-macro2",
 "quote",
 "syn",
]

[[package]]
name = "phf_shared"
version = "0.13.1"
source = "registry+https://github.com/rust-lang/crates.io-index"
checksum = "e57fef6bc5981e38c2ce2d63bfa546861309f875b8a75f092d1d54ae2d64f266"
dependencies = [
 "siphasher",
]

[[package]]
name = "proc-macro2"
version = "1.0.106"
source = "registry+https://github.com/rust-lang/crates.io-index"
checksum = "8fd00f0bb2e90d81d1044c2b32617f68fcb9fa3bb7640c23e9c748e53fb30934"
dependencies = [
 "unicode-ident",
]

[[package]]
name = "quote"
version = "1.0.44"
source = "registry+https://github.com/rust-lang/crates.io-index"
checksum = "21b2ebcf727b7760c461f091f9f0f539b77b8e87f2fd88131e7f1b433b3cece4"
dependencies = [
 "proc-macro2",
]

[[package]]
name = "rug"
version = "1.28.1"
source = "registry+https://github.com/rust-lang/crates.io-index"
checksum = "de190ec858987c79cad4da30e19e546139b3339331282832af004d0ea7829639"
dependencies = [
 "az",
 "gmp-mpfr-sys",
 "libc",
 "libm",
]

[[package]]
name = "rug_calc"
version = "0.1.1"
dependencies = [
 "once_cell",
 "phf",
 "rug",
]

[[package]]
name = "serde"
version = "1.0.228"
source = "registry+https://github.com/rust-lang/crates.io-index"
checksum = "9a8e94ea7f378bd32cbbd37198a4a91436180c5bb472411e48b5ec2e2124ae9e"
dependencies = [
 "serde_core",
]

[[package]]
name = "serde_core"
version = "1.0.228"
source = "registry+https://github.com/rust-lang/crates.io-index"
checksum = "41d385c7d4ca58e59fc732af25c3983b67ac852c1a25000afe1175de458b67ad"
dependencies = [
 "serde_derive",
]

[[package]]
name = "serde_derive"
version = "1.0.228"
source = "registry+https://github.com/rust-lang/crates.io-index"
checksum = "d540f220d3187173da220f885ab66608367b6574e925011a9353e4badda91d79"
dependencies = [
 "proc-macro2",
 "quote",
 "syn",
]

[[package]]
name = "siphasher"
version = "1.0.2"
source = "registry+https://github.com/rust-lang/crates.io-index"
checksum = "b2aa850e253778c88a04c3d7323b043aeda9d3e30d5971937c1855769763678e"

[[package]]
name = "syn"
version = "2.0.116"
source = "registry+https://github.com/rust-lang/crates.io-index"
checksum = "3df424c70518695237746f84cede799c9c58fcb37450d7b23716568cc8bc69cb"
dependencies = [
 "proc-macro2",
 "quote",
 "unicode-ident",
]

[[package]]
name = "unicode-ident"
version = "1.0.24"
source = "registry+https://github.com/rust-lang/crates.io-index"
checksum = "e6e4313cd5fcd3dad5cafa179702e2b244f760991f45397d14d4ebf38247da75"

[[package]]
name = "windows-link"
version = "0.2.1"
source = "registry+https://github.com/rust-lang/crates.io-index"
checksum = "f0805222e57f7521d6a62e36fa9163bc891acd422f971defe97d64e70d0a4fe5"

[[package]]
name = "windows-sys"
version = "0.60.2"
source = "registry+https://github.com/rust-lang/crates.io-index"
checksum = "f2f500e4d28234f72040990ec9d39e3a6b950f9f22d3dba18416c35882612bcb"
dependencies = [
 "windows-targets",
]

[[package]]
name = "windows-targets"
version = "0.53.5"
source = "registry+https://github.com/rust-lang/crates.io-index"
checksum = "4945f9f551b88e0d65f3db0bc25c33b8acea4d9e41163edf90dcd0b19f9069f3"
dependencies = [
 "windows-link",
 "windows_aarch64_gnullvm",
 "windows_aarch64_msvc",
 "windows_i686_gnu",
 "windows_i686_gnullvm",
 "windows_i686_msvc",
 "windows_x86_64_gnu",
 "windows_x86_64_gnullvm",
 "windows_x86_64_msvc",
]

[[package]]
name = "windows_aarch64_gnullvm"
version = "0.53.1"
source = "registry+https://github.com/rust-lang/crates.io-index"
checksum = "a9d8416fa8b42f5c947f8482c43e7d89e73a173cead56d044f6a56104a6d1b53"

[[package]]
name = "windows_aarch64_msvc"
version = "0.53.1"
source = "registry+https://github.com/rust-lang/crates.io-index"
checksum = "b9d782e804c2f632e395708e99a94275910eb9100b2114651e04744e9b125006"

[[package]]
name = "windows_i686_gnu"
version = "0.53.1"
source = "registry+https://github.com/rust-lang/crates.io-index"
checksum = "960e6da069d81e09becb0ca57a65220ddff016ff2d6af6a223cf372a506593a3"

[[package]]
name = "windows_i686_gnullvm"
version = "0.53.1"
source = "registry+https://github.com/rust-lang/crates.io-index"
checksum = "fa7359d10048f68ab8b09fa71c3daccfb0e9b559aed648a8f95469c27057180c"

[[package]]
name = "windows_i686_msvc"
version = "0.53.1"
source = "registry+https://github.com/rust-lang/crates.io-index"
checksum = "1e7ac75179f18232fe9c285163565a57ef8d3c89254a30685b57d83a38d326c2"

[[package]]
name = "windows_x86_64_gnu"
version = "0.53.1"
source = "registry+https://github.com/rust-lang/crates.io-index"
checksum = "9c3842cdd74a865a8066ab39c8a7a473c0778a3f29370b5fd6b4b9aa7df4a499"

[[package]]
name = "windows_x86_64_gnullvm"
version = "0.53.1"
source = "registry+https://github.com/rust-lang/crates.io-index"
checksum = "0ffa179e2d07eee8ad8f57493436566c7cc30ac536a3379fdf008f47f6bb7ae1"

[[package]]
name = "windows_x86_64_msvc"
version = "0.53.1"
source = "registry+https://github.com/rust-lang/crates.io-index"
checksum = "d6bbff5f0aada427a1e5a6da5f1f98158182f26556f345ac9e04d36d0ebed650"
